
Microsoft Visual Studio Solution File, Format Version 12.00
# Visual Studio Version 17
VisualStudioVersion = 17.14.36221.1 d17.14
MinimumVisualStudioVersion = 10.0.40219.1
Project("{FAE04EC0-301F-11D3-BF4B-00C04F79EFBC}") = "AuthService", "AuthService\AuthService.csproj", "{009D4714-E4A6-49A9-A3BF-297D79185DDB}"
EndProject
Project("{FAE04EC0-301F-11D3-BF4B-00C04F79EFBC}") = "UserService", "UserService\UserService.csproj", "{4301C55D-6F63-42D1-AF13-885A01937986}"
EndProject
Global
	GlobalSection(SolutionConfigurationPlatforms) = preSolution
		Debug|Any CPU = Debug|Any CPU
		Release|Any CPU = Release|Any CPU
	EndGlobalSection
	GlobalSection(ProjectConfigurationPlatforms) = postSolution
		{009D4714-E4A6-49A9-A3BF-297D79185DDB}.Debug|Any CPU.ActiveCfg = Debug|Any CPU
		{009D4714-E4A6-49A9-A3BF-297D79185DDB}.Debug|Any CPU.Build.0 = Debug|Any CPU
		{009D4714-E4A6-49A9-A3BF-297D79185DDB}.Release|Any CPU.ActiveCfg = Release|Any CPU
		{009D4714-E4A6-49A9-A3BF-297D79185DDB}.Release|Any CPU.Build.0 = Release|Any CPU
		{4301C55D-6F63-42D1-AF13-885A01937986}.Debug|Any CPU.ActiveCfg = Debug|Any CPU
		{4301C55D-6F63-42D1-AF13-885A01937986}.Debug|Any CPU.Build.0 = Debug|Any CPU
		{4301C55D-6F63-42D1-AF13-885A01937986}.Release|Any CPU.ActiveCfg = Release|Any CPU
		{4301C55D-6F63-42D1-AF13-885A01937986}.Release|Any CPU.Build.0 = Release|Any CPU
	EndGlobalSection
	GlobalSection(SolutionProperties) = preSolution
		HideSolutionNode = FALSE
	EndGlobalSection
	GlobalSection(ExtensibilityGlobals) = postSolution
		SolutionGuid = {8114A523-46E0-4C69-AE43-80EFD9523B27}
	EndGlobalSection
EndGlobal
