
Microsoft Visual Studio Solution File, Format Version 12.00
# Visual Studio Version 17
VisualStudioVersion = 17.14.36221.1 d17.14
MinimumVisualStudioVersion = 10.0.40219.1
Project("{FAE04EC0-301F-11D3-BF4B-00C04F79EFBC}") = "RetailInventory", "RetailInventory\RetailInventory.csproj", "{5324B682-2CBF-4A8F-9BD4-5CBC58D7FDF7}"
EndProject
Global
	GlobalSection(SolutionConfigurationPlatforms) = preSolution
		Debug|Any CPU = Debug|Any CPU
		Release|Any CPU = Release|Any CPU
	EndGlobalSection
	GlobalSection(ProjectConfigurationPlatforms) = postSolution
		{5324B682-2CBF-4A8F-9BD4-5CBC58D7FDF7}.Debug|Any CPU.ActiveCfg = Debug|Any CPU
		{5324B682-2CBF-4A8F-9BD4-5CBC58D7FDF7}.Debug|Any CPU.Build.0 = Debug|Any CPU
		{5324B682-2CBF-4A8F-9BD4-5CBC58D7FDF7}.Release|Any CPU.ActiveCfg = Release|Any CPU
		{5324B682-2CBF-4A8F-9BD4-5CBC58D7FDF7}.Release|Any CPU.Build.0 = Release|Any CPU
	EndGlobalSection
	GlobalSection(SolutionProperties) = preSolution
		HideSolutionNode = FALSE
	EndGlobalSection
	GlobalSection(ExtensibilityGlobals) = postSolution
		SolutionGuid = {96AC4D29-942E-4861-8DCE-A2AD0C9EB40E}
	EndGlobalSection
EndGlobal
